
Microsoft Visual Studio Solution File, Format Version 12.00
# Visual Studio Version 17
VisualStudioVersion = 17.1.32210.238
MinimumVisualStudioVersion = 10.0.40219.1
Project("{FAE04EC0-301F-11D3-BF4B-00C04F79EFBC}") = "Sytylaya", "Sytylaya.csproj", "{1868CF87-21D6-4E0F-A4E7-70E9D2214276}"
EndProject
Global
	GlobalSection(SolutionConfigurationPlatforms) = preSolution
		Debug|Any CPU = Debug|Any CPU
		Release|Any CPU = Release|Any CPU
	EndGlobalSection
	GlobalSection(ProjectConfigurationPlatforms) = postSolution
		{1868CF87-21D6-4E0F-A4E7-70E9D2214276}.Debug|Any CPU.ActiveCfg = Debug|Any CPU
		{1868CF87-21D6-4E0F-A4E7-70E9D2214276}.Debug|Any CPU.Build.0 = Debug|Any CPU
		{1868CF87-21D6-4E0F-A4E7-70E9D2214276}.Release|Any CPU.ActiveCfg = Release|Any CPU
		{1868CF87-21D6-4E0F-A4E7-70E9D2214276}.Release|Any CPU.Build.0 = Release|Any CPU
	EndGlobalSection
	GlobalSection(SolutionProperties) = preSolution
		HideSolutionNode = FALSE
	EndGlobalSection
	GlobalSection(ExtensibilityGlobals) = postSolution
		SolutionGuid = {F1B24A10-16E7-422F-8C30-088676F10E42}
	EndGlobalSection
EndGlobal
